
Microsoft Visual Studio Solution File, Format Version 12.00
# Visual Studio Version 17
VisualStudioVersion = 17.3.32922.545
MinimumVisualStudioVersion = 10.0.40219.1
Project("{FAE04EC0-301F-11D3-BF4B-00C04F79EFBC}") = "Lab4_1", "Lab4_1.csproj", "{2156E21A-236B-4321-8758-DD0F3496B85A}"
EndProject
Global
	GlobalSection(SolutionConfigurationPlatforms) = preSolution
		Debug|Any CPU = Debug|Any CPU
		Debug|x64 = Debug|x64
		Release|Any CPU = Release|Any CPU
		Release|x64 = Release|x64
	EndGlobalSection
	GlobalSection(ProjectConfigurationPlatforms) = postSolution
		{2156E21A-236B-4321-8758-DD0F3496B85A}.Debug|Any CPU.ActiveCfg = Debug|x64
		{2156E21A-236B-4321-8758-DD0F3496B85A}.Debug|Any CPU.Build.0 = Debug|x64
		{2156E21A-236B-4321-8758-DD0F3496B85A}.Debug|x64.ActiveCfg = Debug|x64
		{2156E21A-236B-4321-8758-DD0F3496B85A}.Debug|x64.Build.0 = Debug|x64
		{2156E21A-236B-4321-8758-DD0F3496B85A}.Release|Any CPU.ActiveCfg = Release|Any CPU
		{2156E21A-236B-4321-8758-DD0F3496B85A}.Release|Any CPU.Build.0 = Release|Any CPU
		{2156E21A-236B-4321-8758-DD0F3496B85A}.Release|x64.ActiveCfg = Release|x64
		{2156E21A-236B-4321-8758-DD0F3496B85A}.Release|x64.Build.0 = Release|x64
	EndGlobalSection
	GlobalSection(SolutionProperties) = preSolution
		HideSolutionNode = FALSE
	EndGlobalSection
	GlobalSection(ExtensibilityGlobals) = postSolution
		SolutionGuid = {8BA3BF69-521D-4D7C-889E-035687DFE0AD}
	EndGlobalSection
EndGlobal
